
Microsoft Visual Studio Solution File, Format Version 12.00
# Visual Studio Version 16
VisualStudioVersion = 16.0.28803.452
MinimumVisualStudioVersion = 10.0.40219.1
Project("{8BC9CEB8-8B4A-11D0-8D11-00A0C91BC942}") = "PyRTMA", "PyRTMA.vcxproj", "{588AAB6A-C3D8-481C-8467-DDB52D0FF8DA}"
EndProject
Project("{8BC9CEB8-8B4A-11D0-8D11-00A0C91BC942}") = "RTMA_Definitions", "RTMA_Definitions.vcxproj", "{7D3E8C1A-0C85-482F-9BA7-0BA09FE315AB}"
EndProject
Global
	GlobalSection(SolutionConfigurationPlatforms) = preSolution
		Py2Release|Win32 = Py2Release|Win32
		Py2Release|x64 = Py2Release|x64
		Py3Release|Win32 = Py3Release|Win32
		Py3Release|x64 = Py3Release|x64
	EndGlobalSection
	GlobalSection(ProjectConfigurationPlatforms) = postSolution
		{588AAB6A-C3D8-481C-8467-DDB52D0FF8DA}.Py2Release|Win32.ActiveCfg = Py2Release|Win32
		{588AAB6A-C3D8-481C-8467-DDB52D0FF8DA}.Py2Release|Win32.Build.0 = Py2Release|Win32
		{588AAB6A-C3D8-481C-8467-DDB52D0FF8DA}.Py2Release|x64.ActiveCfg = Py2Release|x64
		{588AAB6A-C3D8-481C-8467-DDB52D0FF8DA}.Py2Release|x64.Build.0 = Py2Release|x64
		{588AAB6A-C3D8-481C-8467-DDB52D0FF8DA}.Py3Release|Win32.ActiveCfg = Py3Release|Win32
		{588AAB6A-C3D8-481C-8467-DDB52D0FF8DA}.Py3Release|Win32.Build.0 = Py3Release|Win32
		{588AAB6A-C3D8-481C-8467-DDB52D0FF8DA}.Py3Release|x64.ActiveCfg = Py3Release|x64
		{588AAB6A-C3D8-481C-8467-DDB52D0FF8DA}.Py3Release|x64.Build.0 = Py3Release|x64
		{7D3E8C1A-0C85-482F-9BA7-0BA09FE315AB}.Py2Release|Win32.ActiveCfg = Py2Release|Win32
		{7D3E8C1A-0C85-482F-9BA7-0BA09FE315AB}.Py2Release|Win32.Build.0 = Py2Release|Win32
		{7D3E8C1A-0C85-482F-9BA7-0BA09FE315AB}.Py2Release|x64.ActiveCfg = Py2Release|x64
		{7D3E8C1A-0C85-482F-9BA7-0BA09FE315AB}.Py2Release|x64.Build.0 = Py2Release|x64
		{7D3E8C1A-0C85-482F-9BA7-0BA09FE315AB}.Py3Release|Win32.ActiveCfg = Py3Release|Win32
		{7D3E8C1A-0C85-482F-9BA7-0BA09FE315AB}.Py3Release|Win32.Build.0 = Py3Release|Win32
		{7D3E8C1A-0C85-482F-9BA7-0BA09FE315AB}.Py3Release|x64.ActiveCfg = Py3Release|x64
		{7D3E8C1A-0C85-482F-9BA7-0BA09FE315AB}.Py3Release|x64.Build.0 = Py3Release|x64
	EndGlobalSection
	GlobalSection(SolutionProperties) = preSolution
		HideSolutionNode = FALSE
	EndGlobalSection
	GlobalSection(ExtensibilityGlobals) = postSolution
		SolutionGuid = {351D6586-84E9-4D35-8233-4F11BAC53AFF}
	EndGlobalSection
EndGlobal
